
Microsoft Visual Studio Solution File, Format Version 12.00
# Visual Studio 14
VisualStudioVersion = 14.0.25420.1
MinimumVisualStudioVersion = 10.0.40219.1
Project("{B45C44CD-E95B-43EF-AF7C-4D25776FBF5E}") = "ACME", "Project1\ACME.osproj", "{0DEB841E-264E-491F-B539-05824D373B3E}"
EndProject
Project("{B45C44CD-E95B-43EF-AF7C-4D25776FBF5E}") = "Main-UI", "Main-UI\Main-UI.osproj", "{1DA053CA-4DF5-4926-B032-05F6B70FF465}"
EndProject
Project("{B45C44CD-E95B-43EF-AF7C-4D25776FBF5E}") = "CRMAdapter", "CRMAdapter\CRMAdapter.osproj", "{E9A15C03-9EF8-41F7-8A73-A62A68D92FD0}"
EndProject
Global
	GlobalSection(SolutionConfigurationPlatforms) = preSolution
		Debug|Any CPU = Debug|Any CPU
		Release|Any CPU = Release|Any CPU
	EndGlobalSection
	GlobalSection(ProjectConfigurationPlatforms) = postSolution
		{0DEB841E-264E-491F-B539-05824D373B3E}.Debug|Any CPU.ActiveCfg = Debug|Any CPU
		{0DEB841E-264E-491F-B539-05824D373B3E}.Debug|Any CPU.Build.0 = Debug|Any CPU
		{0DEB841E-264E-491F-B539-05824D373B3E}.Release|Any CPU.ActiveCfg = Release|Any CPU
		{0DEB841E-264E-491F-B539-05824D373B3E}.Release|Any CPU.Build.0 = Release|Any CPU
		{1DA053CA-4DF5-4926-B032-05F6B70FF465}.Debug|Any CPU.ActiveCfg = Debug|Any CPU
		{1DA053CA-4DF5-4926-B032-05F6B70FF465}.Debug|Any CPU.Build.0 = Debug|Any CPU
		{1DA053CA-4DF5-4926-B032-05F6B70FF465}.Release|Any CPU.ActiveCfg = Release|Any CPU
		{1DA053CA-4DF5-4926-B032-05F6B70FF465}.Release|Any CPU.Build.0 = Release|Any CPU
		{E9A15C03-9EF8-41F7-8A73-A62A68D92FD0}.Debug|Any CPU.ActiveCfg = Debug|Any CPU
		{E9A15C03-9EF8-41F7-8A73-A62A68D92FD0}.Debug|Any CPU.Build.0 = Debug|Any CPU
		{E9A15C03-9EF8-41F7-8A73-A62A68D92FD0}.Release|Any CPU.ActiveCfg = Release|Any CPU
		{E9A15C03-9EF8-41F7-8A73-A62A68D92FD0}.Release|Any CPU.Build.0 = Release|Any CPU
	EndGlobalSection
	GlobalSection(SolutionProperties) = preSolution
		HideSolutionNode = FALSE
	EndGlobalSection
EndGlobal
